
Microsoft Visual Studio Solution File, Format Version 12.00
Project("{FAE04EC0-301F-11D3-BF4B-00C04F79EFBC}") = "SubredditLinkExtractor", "SubredditLinkExtractor\SubredditLinkExtractor.csproj", "{7046DC9B-46FF-4D4C-8F69-E480CB0FCD36}"
EndProject
Project("{FAE04EC0-301F-11D3-BF4B-00C04F79EFBC}") = "SubredditLinkExtractor.CLI", "SubredditLinkExtractor.CLI\SubredditLinkExtractor.CLI.csproj", "{B4D8254E-F0F8-4067-AAC6-E2D683B397F1}"
EndProject
Global
	GlobalSection(SolutionConfigurationPlatforms) = preSolution
		Debug|Any CPU = Debug|Any CPU
		Release|Any CPU = Release|Any CPU
	EndGlobalSection
	GlobalSection(ProjectConfigurationPlatforms) = postSolution
		{7046DC9B-46FF-4D4C-8F69-E480CB0FCD36}.Debug|Any CPU.ActiveCfg = Debug|Any CPU
		{7046DC9B-46FF-4D4C-8F69-E480CB0FCD36}.Debug|Any CPU.Build.0 = Debug|Any CPU
		{7046DC9B-46FF-4D4C-8F69-E480CB0FCD36}.Release|Any CPU.ActiveCfg = Release|Any CPU
		{7046DC9B-46FF-4D4C-8F69-E480CB0FCD36}.Release|Any CPU.Build.0 = Release|Any CPU
		{B4D8254E-F0F8-4067-AAC6-E2D683B397F1}.Debug|Any CPU.ActiveCfg = Debug|Any CPU
		{B4D8254E-F0F8-4067-AAC6-E2D683B397F1}.Debug|Any CPU.Build.0 = Debug|Any CPU
		{B4D8254E-F0F8-4067-AAC6-E2D683B397F1}.Release|Any CPU.ActiveCfg = Release|Any CPU
		{B4D8254E-F0F8-4067-AAC6-E2D683B397F1}.Release|Any CPU.Build.0 = Release|Any CPU
	EndGlobalSection
EndGlobal
